<?xml version="1.0" encoding="utf-8"?>
<Project ToolsVersion="4.0" xmlns="http://schemas.microsoft.com/developer/msbuild/2003">
  <ItemGroup>
    <ClCompile Include="stdafx.cpp" />
    <ClCompile Include="main.cpp" />
    <ClCompile Include="BufferedSerial.cpp">
      <Filter>common</Filter>
    </ClCompile>
    <ClCompile Include="Serial.cpp">
      <Filter>common</Filter>
    </ClCompile>
    <ClCompile Include="obd2.cpp" />
    <ClCompile Include="SerialAsync.cpp">
      <Filter>common</Filter>
    </ClCompile>
  </ItemGroup>
  <ItemGroup>
    <ClInclude Include="stdafx.h" />
    <ClInclude Include="BufferedSerial.h">
      <Filter>common</Filter>
    </ClInclude>
    <ClInclude Include="circularqueue.h">
      <Filter>common</Filter>
    </ClInclude>
    <ClInclude Include="Serial.h">
      <Filter>common</Filter>
    </ClInclude>
    <ClInclude Include="obd2.h" />
    <ClInclude Include="utility.h">
      <Filter>common</Filter>
    </ClInclude>
    <ClInclude Include="SerialAsync.h">
      <Filter>common</Filter>
    </ClInclude>
    <ClInclude Include="cs.h">
      <Filter>common</Filter>
    </ClInclude>
  </ItemGroup>
  <ItemGroup>
    <Filter Include="common">
      <UniqueIdentifier>{2ee39327-0000-4e29-8f48-4bb4f859eb40}</UniqueIdentifier>
    </Filter>
  </ItemGroup>
</Project>